{
  "name": "over_night",
  "lockfileVersion": 2,
  "requires": true,
  "packages": {
    "": {
      "dependencies": {
        "framer": "^2.4.1",
        "motion": "^10.16.4"
      }
    },
    "node_modules/@emotion/is-prop-valid": {
      "version": "0.8.8",
      "resolved": "https://registry.npmjs.org/@emotion/is-prop-valid/-/is-prop-valid-0.8.8.tgz",
      "integrity": "sha512-u5WtneEAr5IDG2Wv65yhunPSMLIpuKsbuOktRojfrEiEvRyC85LgPMZI63cr7NUqT8ZIGdSVg8ZKGxIug4lXcA==",
      "optional": true,
      "peer": true,
      "dependencies": {
        "@emotion/memoize": "0.7.4"
      }
    },
    "node_modules/@emotion/memoize": {
      "version": "0.7.4",
      "resolved": "https://registry.npmjs.org/@emotion/memoize/-/memoize-0.7.4.tgz",
      "integrity": "sha512-Ja/Vfqe3HpuzRsG1oBtWTHk2PGZ7GR+2Vz5iYGelAw8dx32K0y7PjVuxK6z1nMpZOqAFsRUPCkK1YjJ56qJlgw==",
      "optional": true,
      "peer": true
    },
    "node_modules/@juggle/resize-observer": {
      "version": "3.4.0",
      "resolved": "https://registry.npmjs.org/@juggle/resize-observer/-/resize-observer-3.4.0.tgz",
      "integrity": "sha512-dfLbk+PwWvFzSxwk3n5ySL0hfBog779o8h68wK/7/APo/7cgyWp5jcXockbxdk5kFRkbeXWm4Fbi9FrdN381sA=="
    },
    "node_modules/@motionone/animation": {
      "version": "10.16.3",
      "resolved": "https://registry.npmjs.org/@motionone/animation/-/animation-10.16.3.tgz",
      "integrity": "sha512-QUGWpLbMFLhyqKlngjZhjtxM8IqiJQjLK0DF+XOF6od9nhSvlaeEpOY/UMCRVcZn/9Tr2rZO22EkuCIjYdI74g==",
      "dependencies": {
        "@motionone/easing": "^10.16.3",
        "@motionone/types": "^10.16.3",
        "@motionone/utils": "^10.16.3",
        "tslib": "^2.3.1"
      }
    },
    "node_modules/@motionone/dom": {
      "version": "10.16.4",
      "resolved": "https://registry.npmjs.org/@motionone/dom/-/dom-10.16.4.tgz",
      "integrity": "sha512-HPHlVo/030qpRj9R8fgY50KTN4Ko30moWRTA3L3imrsRBmob93cTYmodln49HYFbQm01lFF7X523OkKY0DX6UA==",
      "dependencies": {
        "@motionone/animation": "^10.16.3",
        "@motionone/generators": "^10.16.4",
        "@motionone/types": "^10.16.3",
        "@motionone/utils": "^10.16.3",
        "hey-listen": "^1.0.8",
        "tslib": "^2.3.1"
      }
    },
    "node_modules/@motionone/easing": {
      "version": "10.16.3",
      "resolved": "https://registry.npmjs.org/@motionone/easing/-/easing-10.16.3.tgz",
      "integrity": "sha512-HWTMZbTmZojzwEuKT/xCdvoMPXjYSyQvuVM6jmM0yoGU6BWzsmYMeB4bn38UFf618fJCNtP9XeC/zxtKWfbr0w==",
      "dependencies": {
        "@motionone/utils": "^10.16.3",
        "tslib": "^2.3.1"
      }
    },
    "node_modules/@motionone/generators": {
      "version": "10.16.4",
      "resolved": "https://registry.npmjs.org/@motionone/generators/-/generators-10.16.4.tgz",
      "integrity": "sha512-geFZ3w0Rm0ZXXpctWsSf3REGywmLLujEjxPYpBR0j+ymYwof0xbV6S5kGqqsDKgyWKVWpUInqQYvQfL6fRbXeg==",
      "dependencies": {
        "@motionone/types": "^10.16.3",
        "@motionone/utils": "^10.16.3",
        "tslib": "^2.3.1"
      }
    },
    "node_modules/@motionone/svelte": {
      "version": "10.16.4",
      "resolved": "https://registry.npmjs.org/@motionone/svelte/-/svelte-10.16.4.tgz",
      "integrity": "sha512-zRVqk20lD1xqe+yEDZhMYgftsuHc25+9JSo+r0a0OWUJFocjSV9D/+UGhX4xgJsuwB9acPzXLr20w40VnY2PQA==",
      "dependencies": {
        "@motionone/dom": "^10.16.4",
        "tslib": "^2.3.1"
      }
    },
    "node_modules/@motionone/types": {
      "version": "10.16.3",
      "resolved": "https://registry.npmjs.org/@motionone/types/-/types-10.16.3.tgz",
      "integrity": "sha512-W4jkEGFifDq73DlaZs3HUfamV2t1wM35zN/zX7Q79LfZ2sc6C0R1baUHZmqc/K5F3vSw3PavgQ6HyHLd/MXcWg=="
    },
    "node_modules/@motionone/utils": {
      "version": "10.16.3",
      "resolved": "https://registry.npmjs.org/@motionone/utils/-/utils-10.16.3.tgz",
      "integrity": "sha512-WNWDksJIxQkaI9p9Z9z0+K27xdqISGNFy1SsWVGaiedTHq0iaT6iZujby8fT/ZnZxj1EOaxJtSfUPCFNU5CRoA==",
      "dependencies": {
        "@motionone/types": "^10.16.3",
        "hey-listen": "^1.0.8",
        "tslib": "^2.3.1"
      }
    },
    "node_modules/@motionone/vue": {
      "version": "10.16.4",
      "resolved": "https://registry.npmjs.org/@motionone/vue/-/vue-10.16.4.tgz",
      "integrity": "sha512-z10PF9JV6SbjFq+/rYabM+8CVlMokgl8RFGvieSGNTmrkQanfHn+15XBrhG3BgUfvmTeSeyShfOHpG0i9zEdcg==",
      "dependencies": {
        "@motionone/dom": "^10.16.4",
        "tslib": "^2.3.1"
      }
    },
    "node_modules/eventemitter3": {
      "version": "3.1.2",
      "resolved": "https://registry.npmjs.org/eventemitter3/-/eventemitter3-3.1.2.tgz",
      "integrity": "sha512-tvtQIeLVHjDkJYnzf2dgVMxfuSGJeM/7UCG17TT4EumTfNtF+0nebF/4zWOIkCreAbtNqhGEboB6BWrwqNaw4Q=="
    },
    "node_modules/fontfaceobserver": {
      "version": "2.3.0",
      "resolved": "https://registry.npmjs.org/fontfaceobserver/-/fontfaceobserver-2.3.0.tgz",
      "integrity": "sha512-6FPvD/IVyT4ZlNe7Wcn5Fb/4ChigpucKYSvD6a+0iMoLn2inpo711eyIcKjmDtE5XNcgAkSH9uN/nfAeZzHEfg=="
    },
    "node_modules/framer": {
      "version": "2.4.1",
      "resolved": "https://registry.npmjs.org/framer/-/framer-2.4.1.tgz",
      "integrity": "sha512-kInsb+tmtNEvOeRa8wT2oRAl8Xe1L8ev4ahinB875Xh0zPBLt5Di6fuvBUILnDUU6mqmM+6QPiNxg62Va66V4Q==",
      "hasInstallScript": true,
      "dependencies": {
        "@juggle/resize-observer": "^3.3.1",
        "eventemitter3": "^3.1.0",
        "fontfaceobserver": "^2.1.0",
        "hoist-non-react-statics": "^3.3.2",
        "hsluv": "^0.0.3"
      },
      "peerDependencies": {
        "framer-motion": "^10.13.1",
        "react": "^18.2.0",
        "react-dom": "^18.2.0"
      }
    },
    "node_modules/framer-motion": {
      "version": "10.16.4",
      "resolved": "https://registry.npmjs.org/framer-motion/-/framer-motion-10.16.4.tgz",
      "integrity": "sha512-p9V9nGomS3m6/CALXqv6nFGMuFOxbWsmaOrdmhyQimMIlLl3LC7h7l86wge/Js/8cRu5ktutS/zlzgR7eBOtFA==",
      "peer": true,
      "dependencies": {
        "tslib": "^2.4.0"
      },
      "optionalDependencies": {
        "@emotion/is-prop-valid": "^0.8.2"
      },
      "peerDependencies": {
        "react": "^18.0.0",
        "react-dom": "^18.0.0"
      },
      "peerDependenciesMeta": {
        "react": {
          "optional": true
        },
        "react-dom": {
          "optional": true
        }
      }
    },
    "node_modules/hey-listen": {
      "version": "1.0.8",
      "resolved": "https://registry.npmjs.org/hey-listen/-/hey-listen-1.0.8.tgz",
      "integrity": "sha512-COpmrF2NOg4TBWUJ5UVyaCU2A88wEMkUPK4hNqyCkqHbxT92BbvfjoSozkAIIm6XhicGlJHhFdullInrdhwU8Q=="
    },
    "node_modules/hoist-non-react-statics": {
      "version": "3.3.2",
      "resolved": "https://registry.npmjs.org/hoist-non-react-statics/-/hoist-non-react-statics-3.3.2.tgz",
      "integrity": "sha512-/gGivxi8JPKWNm/W0jSmzcMPpfpPLc3dY/6GxhX2hQ9iGj3aDfklV4ET7NjKpSinLpJ5vafa9iiGIEZg10SfBw==",
      "dependencies": {
        "react-is": "^16.7.0"
      }
    },
    "node_modules/hsluv": {
      "version": "0.0.3",
      "resolved": "https://registry.npmjs.org/hsluv/-/hsluv-0.0.3.tgz",
      "integrity": "sha512-08iL2VyCRbkQKBySkSh6m8zMUa3sADAxGVWs3Z1aPcUkTJeK0ETG4Fc27tEmQBGUAXZjIsXOZqBvacuVNSC/fQ=="
    },
    "node_modules/js-tokens": {
      "version": "4.0.0",
      "resolved": "https://registry.npmjs.org/js-tokens/-/js-tokens-4.0.0.tgz",
      "integrity": "sha512-RdJUflcE3cUzKiMqQgsCu06FPu9UdIJO0beYbPhHN4k6apgJtifcoCtT9bcxOpYBtpD2kCM6Sbzg4CausW/PKQ==",
      "peer": true
    },
    "node_modules/loose-envify": {
      "version": "1.4.0",
      "resolved": "https://registry.npmjs.org/loose-envify/-/loose-envify-1.4.0.tgz",
      "integrity": "sha512-lyuxPGr/Wfhrlem2CL/UcnUc1zcqKAImBDzukY7Y5F/yQiNdko6+fRLevlw1HgMySw7f611UIY408EtxRSoK3Q==",
      "peer": true,
      "dependencies": {
        "js-tokens": "^3.0.0 || ^4.0.0"
      },
      "bin": {
        "loose-envify": "cli.js"
      }
    },
    "node_modules/motion": {
      "version": "10.16.4",
      "resolved": "https://registry.npmjs.org/motion/-/motion-10.16.4.tgz",
      "integrity": "sha512-wvBeT0sZNgU6Od1aimjywBikqzm5yE97+L9eM/AoLy01AXNPdcnSDVHB3CoR0dGdHMbp/S0A/PjsJfWg0+k8Mg==",
      "dependencies": {
        "@motionone/animation": "^10.16.3",
        "@motionone/dom": "^10.16.4",
        "@motionone/svelte": "^10.16.4",
        "@motionone/types": "^10.16.3",
        "@motionone/utils": "^10.16.3",
        "@motionone/vue": "^10.16.4"
      }
    },
    "node_modules/react": {
      "version": "18.2.0",
      "resolved": "https://registry.npmjs.org/react/-/react-18.2.0.tgz",
      "integrity": "sha512-/3IjMdb2L9QbBdWiW5e3P2/npwMBaU9mHCSCUzNln0ZCYbcfTsGbTJrU/kGemdH2IWmB2ioZ+zkxtmq6g09fGQ==",
      "peer": true,
      "dependencies": {
        "loose-envify": "^1.1.0"
      },
      "engines": {
        "node": ">=0.10.0"
      }
    },
    "node_modules/react-dom": {
      "version": "18.2.0",
      "resolved": "https://registry.npmjs.org/react-dom/-/react-dom-18.2.0.tgz",
      "integrity": "sha512-6IMTriUmvsjHUjNtEDudZfuDQUoWXVxKHhlEGSk81n4YFS+r/Kl99wXiwlVXtPBtJenozv2P+hxDsw9eA7Xo6g==",
      "peer": true,
      "dependencies": {
        "loose-envify": "^1.1.0",
        "scheduler": "^0.23.0"
      },
      "peerDependencies": {
        "react": "^18.2.0"
      }
    },
    "node_modules/react-is": {
      "version": "16.13.1",
      "resolved": "https://registry.npmjs.org/react-is/-/react-is-16.13.1.tgz",
      "integrity": "sha512-24e6ynE2H+OKt4kqsOvNd8kBpV65zoxbA4BVsEOB3ARVWQki/DHzaUoC5KuON/BiccDaCCTZBuOcfZs70kR8bQ=="
    },
    "node_modules/scheduler": {
      "version": "0.23.0",
      "resolved": "https://registry.npmjs.org/scheduler/-/scheduler-0.23.0.tgz",
      "integrity": "sha512-CtuThmgHNg7zIZWAXi3AsyIzA3n4xx7aNyjwC2VJldO2LMVDhFK+63xGqq6CsJH4rTAt6/M+N4GhZiDYPx9eUw==",
      "peer": true,
      "dependencies": {
        "loose-envify": "^1.1.0"
      }
    },
    "node_modules/tslib": {
      "version": "2.6.2",
      "resolved": "https://registry.npmjs.org/tslib/-/tslib-2.6.2.tgz",
      "integrity": "sha512-AEYxH93jGFPn/a2iVAwW87VuUIkR1FVUKB77NwMF7nBTDkDrrT/Hpt/IrCJ0QXhW27jTBDcf5ZY7w6RiqTMw2Q=="
    }
  },
  "dependencies": {
    "@emotion/is-prop-valid": {
      "version": "0.8.8",
      "resolved": "https://registry.npmjs.org/@emotion/is-prop-valid/-/is-prop-valid-0.8.8.tgz",
      "integrity": "sha512-u5WtneEAr5IDG2Wv65yhunPSMLIpuKsbuOktRojfrEiEvRyC85LgPMZI63cr7NUqT8ZIGdSVg8ZKGxIug4lXcA==",
      "optional": true,
      "peer": true,
      "requires": {
        "@emotion/memoize": "0.7.4"
      }
    },
    "@emotion/memoize": {
      "version": "0.7.4",
      "resolved": "https://registry.npmjs.org/@emotion/memoize/-/memoize-0.7.4.tgz",
      "integrity": "sha512-Ja/Vfqe3HpuzRsG1oBtWTHk2PGZ7GR+2Vz5iYGelAw8dx32K0y7PjVuxK6z1nMpZOqAFsRUPCkK1YjJ56qJlgw==",
      "optional": true,
      "peer": true
    },
    "@juggle/resize-observer": {
      "version": "3.4.0",
      "resolved": "https://registry.npmjs.org/@juggle/resize-observer/-/resize-observer-3.4.0.tgz",
      "integrity": "sha512-dfLbk+PwWvFzSxwk3n5ySL0hfBog779o8h68wK/7/APo/7cgyWp5jcXockbxdk5kFRkbeXWm4Fbi9FrdN381sA=="
    },
    "@motionone/animation": {
      "version": "10.16.3",
      "resolved": "https://registry.npmjs.org/@motionone/animation/-/animation-10.16.3.tgz",
      "integrity": "sha512-QUGWpLbMFLhyqKlngjZhjtxM8IqiJQjLK0DF+XOF6od9nhSvlaeEpOY/UMCRVcZn/9Tr2rZO22EkuCIjYdI74g==",
      "requires": {
        "@motionone/easing": "^10.16.3",
        "@motionone/types": "^10.16.3",
        "@motionone/utils": "^10.16.3",
        "tslib": "^2.3.1"
      }
    },
    "@motionone/dom": {
      "version": "10.16.4",
      "resolved": "https://registry.npmjs.org/@motionone/dom/-/dom-10.16.4.tgz",
      "integrity": "sha512-HPHlVo/030qpRj9R8fgY50KTN4Ko30moWRTA3L3imrsRBmob93cTYmodln49HYFbQm01lFF7X523OkKY0DX6UA==",
      "requires": {
        "@motionone/animation": "^10.16.3",
        "@motionone/generators": "^10.16.4",
        "@motionone/types": "^10.16.3",
        "@motionone/utils": "^10.16.3",
        "hey-listen": "^1.0.8",
        "tslib": "^2.3.1"
      }
    },
    "@motionone/easing": {
      "version": "10.16.3",
      "resolved": "https://registry.npmjs.org/@motionone/easing/-/easing-10.16.3.tgz",
      "integrity": "sha512-HWTMZbTmZojzwEuKT/xCdvoMPXjYSyQvuVM6jmM0yoGU6BWzsmYMeB4bn38UFf618fJCNtP9XeC/zxtKWfbr0w==",
      "requires": {
        "@motionone/utils": "^10.16.3",
        "tslib": "^2.3.1"
      }
    },
    "@motionone/generators": {
      "version": "10.16.4",
      "resolved": "https://registry.npmjs.org/@motionone/generators/-/generators-10.16.4.tgz",
      "integrity": "sha512-geFZ3w0Rm0ZXXpctWsSf3REGywmLLujEjxPYpBR0j+ymYwof0xbV6S5kGqqsDKgyWKVWpUInqQYvQfL6fRbXeg==",
      "requires": {
        "@motionone/types": "^10.16.3",
        "@motionone/utils": "^10.16.3",
        "tslib": "^2.3.1"
      }
    },
    "@motionone/svelte": {
      "version": "10.16.4",
      "resolved": "https://registry.npmjs.org/@motionone/svelte/-/svelte-10.16.4.tgz",
      "integrity": "sha512-zRVqk20lD1xqe+yEDZhMYgftsuHc25+9JSo+r0a0OWUJFocjSV9D/+UGhX4xgJsuwB9acPzXLr20w40VnY2PQA==",
      "requires": {
        "@motionone/dom": "^10.16.4",
        "tslib": "^2.3.1"
      }
    },
    "@motionone/types": {
      "version": "10.16.3",
      "resolved": "https://registry.npmjs.org/@motionone/types/-/types-10.16.3.tgz",
      "integrity": "sha512-W4jkEGFifDq73DlaZs3HUfamV2t1wM35zN/zX7Q79LfZ2sc6C0R1baUHZmqc/K5F3vSw3PavgQ6HyHLd/MXcWg=="
    },
    "@motionone/utils": {
      "version": "10.16.3",
      "resolved": "https://registry.npmjs.org/@motionone/utils/-/utils-10.16.3.tgz",
      "integrity": "sha512-WNWDksJIxQkaI9p9Z9z0+K27xdqISGNFy1SsWVGaiedTHq0iaT6iZujby8fT/ZnZxj1EOaxJtSfUPCFNU5CRoA==",
      "requires": {
        "@motionone/types": "^10.16.3",
        "hey-listen": "^1.0.8",
        "tslib": "^2.3.1"
      }
    },
    "@motionone/vue": {
      "version": "10.16.4",
      "resolved": "https://registry.npmjs.org/@motionone/vue/-/vue-10.16.4.tgz",
      "integrity": "sha512-z10PF9JV6SbjFq+/rYabM+8CVlMokgl8RFGvieSGNTmrkQanfHn+15XBrhG3BgUfvmTeSeyShfOHpG0i9zEdcg==",
      "requires": {
        "@motionone/dom": "^10.16.4",
        "tslib": "^2.3.1"
      }
    },
    "eventemitter3": {
      "version": "3.1.2",
      "resolved": "https://registry.npmjs.org/eventemitter3/-/eventemitter3-3.1.2.tgz",
      "integrity": "sha512-tvtQIeLVHjDkJYnzf2dgVMxfuSGJeM/7UCG17TT4EumTfNtF+0nebF/4zWOIkCreAbtNqhGEboB6BWrwqNaw4Q=="
    },
    "fontfaceobserver": {
      "version": "2.3.0",
      "resolved": "https://registry.npmjs.org/fontfaceobserver/-/fontfaceobserver-2.3.0.tgz",
      "integrity": "sha512-6FPvD/IVyT4ZlNe7Wcn5Fb/4ChigpucKYSvD6a+0iMoLn2inpo711eyIcKjmDtE5XNcgAkSH9uN/nfAeZzHEfg=="
    },
    "framer": {
      "version": "2.4.1",
      "resolved": "https://registry.npmjs.org/framer/-/framer-2.4.1.tgz",
      "integrity": "sha512-kInsb+tmtNEvOeRa8wT2oRAl8Xe1L8ev4ahinB875Xh0zPBLt5Di6fuvBUILnDUU6mqmM+6QPiNxg62Va66V4Q==",
      "requires": {
        "@juggle/resize-observer": "^3.3.1",
        "eventemitter3": "^3.1.0",
        "fontfaceobserver": "^2.1.0",
        "hoist-non-react-statics": "^3.3.2",
        "hsluv": "^0.0.3"
      }
    },
    "framer-motion": {
      "version": "10.16.4",
      "resolved": "https://registry.npmjs.org/framer-motion/-/framer-motion-10.16.4.tgz",
      "integrity": "sha512-p9V9nGomS3m6/CALXqv6nFGMuFOxbWsmaOrdmhyQimMIlLl3LC7h7l86wge/Js/8cRu5ktutS/zlzgR7eBOtFA==",
      "peer": true,
      "requires": {
        "@emotion/is-prop-valid": "^0.8.2",
        "tslib": "^2.4.0"
      }
    },
    "hey-listen": {
      "version": "1.0.8",
      "resolved": "https://registry.npmjs.org/hey-listen/-/hey-listen-1.0.8.tgz",
      "integrity": "sha512-COpmrF2NOg4TBWUJ5UVyaCU2A88wEMkUPK4hNqyCkqHbxT92BbvfjoSozkAIIm6XhicGlJHhFdullInrdhwU8Q=="
    },
    "hoist-non-react-statics": {
      "version": "3.3.2",
      "resolved": "https://registry.npmjs.org/hoist-non-react-statics/-/hoist-non-react-statics-3.3.2.tgz",
      "integrity": "sha512-/gGivxi8JPKWNm/W0jSmzcMPpfpPLc3dY/6GxhX2hQ9iGj3aDfklV4ET7NjKpSinLpJ5vafa9iiGIEZg10SfBw==",
      "requires": {
        "react-is": "^16.7.0"
      }
    },
    "hsluv": {
      "version": "0.0.3",
      "resolved": "https://registry.npmjs.org/hsluv/-/hsluv-0.0.3.tgz",
      "integrity": "sha512-08iL2VyCRbkQKBySkSh6m8zMUa3sADAxGVWs3Z1aPcUkTJeK0ETG4Fc27tEmQBGUAXZjIsXOZqBvacuVNSC/fQ=="
    },
    "js-tokens": {
      "version": "4.0.0",
      "resolved": "https://registry.npmjs.org/js-tokens/-/js-tokens-4.0.0.tgz",
      "integrity": "sha512-RdJUflcE3cUzKiMqQgsCu06FPu9UdIJO0beYbPhHN4k6apgJtifcoCtT9bcxOpYBtpD2kCM6Sbzg4CausW/PKQ==",
      "peer": true
    },
    "loose-envify": {
      "version": "1.4.0",
      "resolved": "https://registry.npmjs.org/loose-envify/-/loose-envify-1.4.0.tgz",
      "integrity": "sha512-lyuxPGr/Wfhrlem2CL/UcnUc1zcqKAImBDzukY7Y5F/yQiNdko6+fRLevlw1HgMySw7f611UIY408EtxRSoK3Q==",
      "peer": true,
      "requires": {
        "js-tokens": "^3.0.0 || ^4.0.0"
      }
    },
    "motion": {
      "version": "10.16.4",
      "resolved": "https://registry.npmjs.org/motion/-/motion-10.16.4.tgz",
      "integrity": "sha512-wvBeT0sZNgU6Od1aimjywBikqzm5yE97+L9eM/AoLy01AXNPdcnSDVHB3CoR0dGdHMbp/S0A/PjsJfWg0+k8Mg==",
      "requires": {
        "@motionone/animation": "^10.16.3",
        "@motionone/dom": "^10.16.4",
        "@motionone/svelte": "^10.16.4",
        "@motionone/types": "^10.16.3",
        "@motionone/utils": "^10.16.3",
        "@motionone/vue": "^10.16.4"
      }
    },
    "react": {
      "version": "18.2.0",
      "resolved": "https://registry.npmjs.org/react/-/react-18.2.0.tgz",
      "integrity": "sha512-/3IjMdb2L9QbBdWiW5e3P2/npwMBaU9mHCSCUzNln0ZCYbcfTsGbTJrU/kGemdH2IWmB2ioZ+zkxtmq6g09fGQ==",
      "peer": true,
      "requires": {
        "loose-envify": "^1.1.0"
      }
    },
    "react-dom": {
      "version": "18.2.0",
      "resolved": "https://registry.npmjs.org/react-dom/-/react-dom-18.2.0.tgz",
      "integrity": "sha512-6IMTriUmvsjHUjNtEDudZfuDQUoWXVxKHhlEGSk81n4YFS+r/Kl99wXiwlVXtPBtJenozv2P+hxDsw9eA7Xo6g==",
      "peer": true,
      "requires": {
        "loose-envify": "^1.1.0",
        "scheduler": "^0.23.0"
      }
    },
    "react-is": {
      "version": "16.13.1",
      "resolved": "https://registry.npmjs.org/react-is/-/react-is-16.13.1.tgz",
      "integrity": "sha512-24e6ynE2H+OKt4kqsOvNd8kBpV65zoxbA4BVsEOB3ARVWQki/DHzaUoC5KuON/BiccDaCCTZBuOcfZs70kR8bQ=="
    },
    "scheduler": {
      "version": "0.23.0",
      "resolved": "https://registry.npmjs.org/scheduler/-/scheduler-0.23.0.tgz",
      "integrity": "sha512-CtuThmgHNg7zIZWAXi3AsyIzA3n4xx7aNyjwC2VJldO2LMVDhFK+63xGqq6CsJH4rTAt6/M+N4GhZiDYPx9eUw==",
      "peer": true,
      "requires": {
        "loose-envify": "^1.1.0"
      }
    },
    "tslib": {
      "version": "2.6.2",
      "resolved": "https://registry.npmjs.org/tslib/-/tslib-2.6.2.tgz",
      "integrity": "sha512-AEYxH93jGFPn/a2iVAwW87VuUIkR1FVUKB77NwMF7nBTDkDrrT/Hpt/IrCJ0QXhW27jTBDcf5ZY7w6RiqTMw2Q=="
    }
  }
}
